
Microsoft Visual Studio Solution File, Format Version 12.00
# Visual Studio Version 16
VisualStudioVersion = 16.0.31624.102
MinimumVisualStudioVersion = 10.0.40219.1
Project("{FAE04EC0-301F-11D3-BF4B-00C04F79EFBC}") = "ConsoleDependencyInjection", "ConsoleDependencyInjection\ConsoleDependencyInjection.csproj", "{BC70C8CD-2CEF-4944-ABFE-C19117773104}"
EndProject
Project("{FAE04EC0-301F-11D3-BF4B-00C04F79EFBC}") = "ConsoleDependencyInjection.Test", "ConsoleDependencyInjection.Test\ConsoleDependencyInjection.Test.csproj", "{9FDDCBAE-CBAB-42C2-873F-C5D04BE95BC9}"
EndProject
Global
	GlobalSection(SolutionConfigurationPlatforms) = preSolution
		Debug|Any CPU = Debug|Any CPU
		Release|Any CPU = Release|Any CPU
	EndGlobalSection
	GlobalSection(ProjectConfigurationPlatforms) = postSolution
		{BC70C8CD-2CEF-4944-ABFE-C19117773104}.Debug|Any CPU.ActiveCfg = Debug|Any CPU
		{BC70C8CD-2CEF-4944-ABFE-C19117773104}.Debug|Any CPU.Build.0 = Debug|Any CPU
		{BC70C8CD-2CEF-4944-ABFE-C19117773104}.Release|Any CPU.ActiveCfg = Release|Any CPU
		{BC70C8CD-2CEF-4944-ABFE-C19117773104}.Release|Any CPU.Build.0 = Release|Any CPU
		{9FDDCBAE-CBAB-42C2-873F-C5D04BE95BC9}.Debug|Any CPU.ActiveCfg = Debug|Any CPU
		{9FDDCBAE-CBAB-42C2-873F-C5D04BE95BC9}.Debug|Any CPU.Build.0 = Debug|Any CPU
		{9FDDCBAE-CBAB-42C2-873F-C5D04BE95BC9}.Release|Any CPU.ActiveCfg = Release|Any CPU
		{9FDDCBAE-CBAB-42C2-873F-C5D04BE95BC9}.Release|Any CPU.Build.0 = Release|Any CPU
	EndGlobalSection
	GlobalSection(SolutionProperties) = preSolution
		HideSolutionNode = FALSE
	EndGlobalSection
	GlobalSection(ExtensibilityGlobals) = postSolution
		SolutionGuid = {318AB20E-E67D-400E-9E43-422D5D4BF7EA}
	EndGlobalSection
EndGlobal
